{
  "version": 4,
  "terraform_version": "1.5.7",
  "serial": 134,
  "lineage": "bfa51c46-1961-9b29-9efd-35e256aeb94b",
  "outputs": {
    "Bastion_instances_created": {
      "value": {
        "display_name": "bastion",
        "private_ip": "10.0.1.232",
        "public_ip": "168.138.194.0"
      },
      "type": [
        "object",
        {
          "display_name": "string",
          "private_ip": "string",
          "public_ip": "string"
        }
      ]
    },
    "Compute_in_cn_created": {
      "value": {
        "inst-o9xtg-x9-ol88": {
          "display_name": "inst-o9xtg-x9-ol88",
          "private_ip": "10.0.2.82"
        },
        "inst-tkpg0-x9-ol88": {
          "display_name": "inst-tkpg0-x9-ol88",
          "private_ip": "10.0.2.227"
        }
      },
      "type": [
        "object",
        {
          "inst-o9xtg-x9-ol88": [
            "object",
            {
              "display_name": "string",
              "private_ip": "string"
            }
          ],
          "inst-tkpg0-x9-ol88": [
            "object",
            {
              "display_name": "string",
              "private_ip": "string"
            }
          ]
        }
      ]
    }
  },
  "resources": [
    {
      "mode": "data",
      "type": "oci_core_cluster_network_instances",
      "name": "cn_instances",
      "provider": "provider[\"registry.terraform.io/hashicorp/oci\"]",
      "instances": [
        {
          "index_key": 0,
          "schema_version": 0,
          "attributes": {
            "cluster_network_id": "ocid1.clusternetwork.oc1.ap-tokyo-1.amaaaaaassl65iqauqdlp3zab2yz4rnhjp2zrzck243nhugmklrlmrsekmka",
            "compartment_id": "ocid1.compartment.oc1..aaaaaaaaunve4zxbocxmh3e75l567c5tffah3red5jfjl4whpiksqrujn33a",
            "display_name": null,
            "filter": null,
            "id": "CoreClusterNetworkInstancesDataSource-1296976803",
            "instances": [
              {
                "availability_domain": "TGjA:AP-TOKYO-1-AD-1",
                "compartment_id": "ocid1.compartment.oc1..aaaaaaaaunve4zxbocxmh3e75l567c5tffah3red5jfjl4whpiksqrujn33a",
                "display_name": "inst-o9xtg-x9-ol88",
                "fault_domain": "FAULT-DOMAIN-2",
                "id": "ocid1.instance.oc1.ap-tokyo-1.anxhiljrssl65iqcbhq7h5rx3zzq25cm7oumbinwwntuqylnl5p7lztdy7ga",
                "instance_configuration_id": "ocid1.instanceconfiguration.oc1.ap-tokyo-1.aaaaaaaa7drg634mfvx2cl64v2xi4qdecpadcrvg3otlmlvfqd3s5vkcwcoa",
                "load_balancer_backends": [],
                "region": "ap_tokyo_1",
                "shape": "BM.Optimized3.36",
                "state": "Running",
                "time_created": "2024-02-01 09:21:04.447 +0000 UTC"
              },
              {
                "availability_domain": "TGjA:AP-TOKYO-1-AD-1",
                "compartment_id": "ocid1.compartment.oc1..aaaaaaaaunve4zxbocxmh3e75l567c5tffah3red5jfjl4whpiksqrujn33a",
                "display_name": "inst-tkpg0-x9-ol88",
                "fault_domain": "FAULT-DOMAIN-2",
                "id": "ocid1.instance.oc1.ap-tokyo-1.anxhiljrssl65iqcq5wx6sukld5vkgf4imrltvcsvejwfou7dalikmw74grq",
                "instance_configuration_id": "ocid1.instanceconfiguration.oc1.ap-tokyo-1.aaaaaaaa7drg634mfvx2cl64v2xi4qdecpadcrvg3otlmlvfqd3s5vkcwcoa",
                "load_balancer_backends": [],
                "region": "ap_tokyo_1",
                "shape": "BM.Optimized3.36",
                "state": "Running",
                "time_created": "2024-02-01 09:21:04.449 +0000 UTC"
              }
            ]
          },
          "sensitive_attributes": []
        }
      ]
    },
    {
      "mode": "data",
      "type": "oci_core_instance",
      "name": "cn_instances",
      "provider": "provider[\"registry.terraform.io/hashicorp/oci\"]",
      "instances": [
        {
          "index_key": 0,
          "schema_version": 0,
          "attributes": {
            "agent_config": [
              {
                "are_all_plugins_disabled": false,
                "is_management_disabled": false,
                "is_monitoring_disabled": false,
                "plugins_config": [
                  {
                    "desired_state": "ENABLED",
                    "name": "Compute HPC RDMA Authentication"
                  },
                  {
                    "desired_state": "ENABLED",
                    "name": "Compute HPC RDMA Auto-Configuration"
                  }
                ]
              }
            ],
            "async": null,
            "availability_config": [
              {
                "is_live_migration_preferred": false,
                "recovery_action": "RESTORE_INSTANCE"
              }
            ],
            "availability_domain": "TGjA:AP-TOKYO-1-AD-1",
            "boot_volume_id": "ocid1.bootvolume.oc1.ap-tokyo-1.abxhiljrirhmarzgccdyzqzy6ng3gb7ikdmvxk5nqlwib4qrvooyysry7vgq",
            "capacity_reservation_id": null,
            "compartment_id": "ocid1.compartment.oc1..aaaaaaaaunve4zxbocxmh3e75l567c5tffah3red5jfjl4whpiksqrujn33a",
            "compute_cluster_id": null,
            "create_vnic_details": null,
            "dedicated_vm_host_id": null,
            "defined_tags": {},
            "display_name": "inst-o9xtg-x9-ol88",
            "extended_metadata": null,
            "fault_domain": "FAULT-DOMAIN-2",
            "freeform_tags": {
              "oci:compute:instanceconfiguration": "ocid1.instanceconfiguration.oc1.ap-tokyo-1.aaaaaaaa7drg634mfvx2cl64v2xi4qdecpadcrvg3otlmlvfqd3s5vkcwcoa",
              "oci:compute:instancepool": "ocid1.instancepool.oc1.ap-tokyo-1.aaaaaaaalpnjnmbp3zwpvqbhbce4sszg53xvdp6twqd5ljz7b7jhvy3amubq",
              "oci:compute:instancepool:opcretrytoken": "da103faa-e086-45bf-8163-39948fa48bb7"
            },
            "hostname_label": "inst-o9xtg-x9-ol88",
            "id": "ocid1.instance.oc1.ap-tokyo-1.anxhiljrssl65iqcbhq7h5rx3zzq25cm7oumbinwwntuqylnl5p7lztdy7ga",
            "image": "ocid1.image.oc1..aaaaaaaajkzfwcucvqdui7rksrvgcaagoxutbh56pecbff7qz7gbfpruhzja",
            "instance_configuration_id": null,
            "instance_id": "ocid1.instance.oc1.ap-tokyo-1.anxhiljrssl65iqcbhq7h5rx3zzq25cm7oumbinwwntuqylnl5p7lztdy7ga",
            "instance_options": [
              {
                "are_legacy_imds_endpoints_disabled": false
              }
            ],
            "ipxe_script": null,
            "is_cross_numa_node": false,
            "is_pv_encryption_in_transit_enabled": null,
            "launch_mode": "PARAVIRTUALIZED",
            "launch_options": [
              {
                "boot_volume_type": "ISCSI",
                "firmware": "UEFI_64",
                "is_consistent_volume_naming_enabled": true,
                "is_pv_encryption_in_transit_enabled": false,
                "network_type": "PARAVIRTUALIZED",
                "remote_data_volume_type": "ISCSI"
              }
            ],
            "metadata": {
              "ssh_authorized_keys": "ssh-rsa AAAAB3NzaC1yc2EAAAADAQABAAACAQCsdwO57NcpHqMRx8+2K87pfioAe1GhqfskeeiMZ2DYl/N7GuSoowouBGJElKgbLZlQUqJF2YudZewMI2RPdNURMPGHegbL2AKRIJ9QwGCC2TtwZm83u2GOMcwl8QcYy1nQ4fViyhKZV6XrfxVyeOBeLyzhzz/VLF/2Jc2w6boz9lZct5Xe0qyJ/OSdP8rrRqWjeOQVaz/mAR9QUMYi16n9UFBSYt9RzN9PuqoDTRhSbAQOhClqLjpoy1ZQ7CTZ56V4XJ27tMEn8vXfH/ghFxSrqdx+8NS8y2avJNxQrgwgg/emNEp4AS2oO1ySVLEJYYQr5IHsPjx+CLLMHcWGonIhkXPLqmv+Gh0LXX1soOE+Sd7h3SN2MjgsnKH+4gy1nUDuyrAAX/HFNpbnHdMoAmzIRgrTk0K3XiLrWwlEhAjQL9d4zsIXP31SC2MmWPdtb6citlZqFSjNtDwGhzzPyRES/n26p/4qci4hhKaxOPX6jsNoNoF8FckbQ4h8s3GTaVlH1sGHgI7ofPeBlVRTIvaOAElDp/ksXFpMaKR+0ZY85uY5E5kJOr7JluU1/uxLMFOXCkIu22NI1ofjgkgiIzR2uvA5irTxL2sSOerhwu87Cm4JayrdfxIijTlO/okG6lkvdrSRqE/eZMMaJ/ZEoz6M/E3U9Qvh5lj4AvhS1XLoFQ==\n",
              "user_data": "I2Nsb3VkLWNvbmZpZwp0aW1lem9uZTogQXNpYS9Ub2t5bwoKcnVuY21kOgojCiMgTW91bnQgTlZNZSBsb2NhbCBzdG9yYWdlCiAgLSBwYXJ0ZWQgLXMgL2Rldi9udm1lMG4xIG1rbGFiZWwgZ3B0CiAgLSBwYXJ0ZWQgLXMgL2Rldi9udm1lMG4xIC0tIG1rcGFydCBwcmltYXJ5IHhmcyAxIC0xCiAgLSBta2ZzLnhmcyAtTCBsb2NhbHNjcmF0Y2ggL2Rldi9udm1lMG4xcDEKICAtIG1rZGlyIC1wIC9tbnQvbG9jYWxkaXNrCiAgLSBlY2hvICJMQUJFTD1sb2NhbHNjcmF0Y2ggL21udC9sb2NhbGRpc2svIHhmcyBkZWZhdWx0cyxub2F0aW1lIDAgMCIgPj4gL2V0Yy9mc3RhYgogIC0gbW91bnQgL21udC9sb2NhbGRpc2sKIwojIFN0b3AgZmlyZXdhbGxkCiAgLSBzeXN0ZW1jdGwgZGlzYWJsZSAtLW5vdyBmaXJld2FsbGQKIwojIEV4cGFuZCByb290IGZpbGUgc3lzdGVtIHRvIHRob3NlIHNldCBieSBpbnN0YW5jZSBjb25maWd1cmF0aW9uCiAgLSAvdXNyL2xpYmV4ZWMvb2NpLWdyb3dmcyAteQojCiMgQWRkIHB1YmxpYyBzdWJuZXQgdG8gRE5TIHNlYXJjaAogIC0gc2VkIC1pICcvXnNlYXJjaC9zLyQvIHB1YmxpYy52Y24ub3JhY2xldmNuLmNvbS9nJyAvZXRjL3Jlc29sdi5jb25mCiAgLSBjaGF0dHIgLVIgK2kgL2V0Yy9yZXNvbHYuY29uZgojCiMgTkZTIG1vdW50IHNldHRpbmcKICAtIGVjaG8gImJhc3Rpb246L2hvbWUgL2hvbWUgbmZzIGRlZmF1bHRzLHZlcnM9MyAwIDAiID4+IC9ldGMvZnN0YWIKICAtIG1vdW50IC9ob21lCg=="
            },
            "platform_config": [
              {
                "are_virtual_instructions_enabled": false,
                "config_map": {},
                "is_access_control_service_enabled": false,
                "is_input_output_memory_management_unit_enabled": false,
                "is_measured_boot_enabled": false,
                "is_memory_encryption_enabled": false,
                "is_secure_boot_enabled": false,
                "is_symmetric_multi_threading_enabled": false,
                "is_trusted_platform_module_enabled": false,
                "numa_nodes_per_socket": "NPS2",
                "percentage_of_cores_enabled": 0,
                "type": "INTEL_ICELAKE_BM"
              }
            ],
            "preemptible_instance_config": [],
            "preserve_boot_volume": null,
            "private_ip": "10.0.2.82",
            "public_ip": "",
            "region": "ap-tokyo-1",
            "shape": "BM.Optimized3.36",
            "shape_config": [
              {
                "baseline_ocpu_utilization": "",
                "gpu_description": "",
                "gpus": 0,
                "local_disk_description": "NVMe SSD Storage",
                "local_disks": 1,
                "local_disks_total_size_in_gbs": 3840,
                "max_vnic_attachments": 128,
                "memory_in_gbs": 512,
                "networking_bandwidth_in_gbps": 100,
                "nvmes": 1,
                "ocpus": 36,
                "processor_description": "3.0 GHz Intel® Xeon® Gold 6354 (Ice Lake)",
                "vcpus": 72
              }
            ],
            "source_details": [
              {
                "boot_volume_size_in_gbs": "100",
                "boot_volume_vpus_per_gb": "10",
                "instance_source_image_filter_details": [],
                "kms_key_id": "",
                "source_id": "ocid1.image.oc1..aaaaaaaajkzfwcucvqdui7rksrvgcaagoxutbh56pecbff7qz7gbfpruhzja",
                "source_type": "image"
              }
            ],
            "state": "RUNNING",
            "subnet_id": "ocid1.subnet.oc1.ap-tokyo-1.aaaaaaaajrwwqrfd2ipk5qu6qv5zfd3zzioro5b6usn52mskk3iocufkz3ya",
            "system_tags": {},
            "time_created": "2024-02-01 09:21:06.878 +0000 UTC",
            "time_maintenance_reboot_due": null,
            "update_operation_constraint": null
          },
          "sensitive_attributes": []
        },
        {
          "index_key": 1,
          "schema_version": 0,
          "attributes": {
            "agent_config": [
              {
                "are_all_plugins_disabled": false,
                "is_management_disabled": false,
                "is_monitoring_disabled": false,
                "plugins_config": [
                  {
                    "desired_state": "ENABLED",
                    "name": "Compute HPC RDMA Authentication"
                  },
                  {
                    "desired_state": "ENABLED",
                    "name": "Compute HPC RDMA Auto-Configuration"
                  }
                ]
              }
            ],
            "async": null,
            "availability_config": [
              {
                "is_live_migration_preferred": false,
                "recovery_action": "RESTORE_INSTANCE"
              }
            ],
            "availability_domain": "TGjA:AP-TOKYO-1-AD-1",
            "boot_volume_id": "ocid1.bootvolume.oc1.ap-tokyo-1.abxhiljr5dqjeuleyaqmpi5gnhmju67ugyg3xerr3qhxatqdfstzh5ppwq2a",
            "capacity_reservation_id": null,
            "compartment_id": "ocid1.compartment.oc1..aaaaaaaaunve4zxbocxmh3e75l567c5tffah3red5jfjl4whpiksqrujn33a",
            "compute_cluster_id": null,
            "create_vnic_details": null,
            "dedicated_vm_host_id": null,
            "defined_tags": {},
            "display_name": "inst-tkpg0-x9-ol88",
            "extended_metadata": null,
            "fault_domain": "FAULT-DOMAIN-2",
            "freeform_tags": {
              "oci:compute:instanceconfiguration": "ocid1.instanceconfiguration.oc1.ap-tokyo-1.aaaaaaaa7drg634mfvx2cl64v2xi4qdecpadcrvg3otlmlvfqd3s5vkcwcoa",
              "oci:compute:instancepool": "ocid1.instancepool.oc1.ap-tokyo-1.aaaaaaaalpnjnmbp3zwpvqbhbce4sszg53xvdp6twqd5ljz7b7jhvy3amubq",
              "oci:compute:instancepool:opcretrytoken": "d1402ea8-c2c5-406d-87ac-4f08306bd440"
            },
            "hostname_label": "inst-tkpg0-x9-ol88",
            "id": "ocid1.instance.oc1.ap-tokyo-1.anxhiljrssl65iqcq5wx6sukld5vkgf4imrltvcsvejwfou7dalikmw74grq",
            "image": "ocid1.image.oc1..aaaaaaaajkzfwcucvqdui7rksrvgcaagoxutbh56pecbff7qz7gbfpruhzja",
            "instance_configuration_id": null,
            "instance_id": "ocid1.instance.oc1.ap-tokyo-1.anxhiljrssl65iqcq5wx6sukld5vkgf4imrltvcsvejwfou7dalikmw74grq",
            "instance_options": [
              {
                "are_legacy_imds_endpoints_disabled": false
              }
            ],
            "ipxe_script": null,
            "is_cross_numa_node": false,
            "is_pv_encryption_in_transit_enabled": null,
            "launch_mode": "PARAVIRTUALIZED",
            "launch_options": [
              {
                "boot_volume_type": "ISCSI",
                "firmware": "UEFI_64",
                "is_consistent_volume_naming_enabled": true,
                "is_pv_encryption_in_transit_enabled": false,
                "network_type": "PARAVIRTUALIZED",
                "remote_data_volume_type": "ISCSI"
              }
            ],
            "metadata": {
              "ssh_authorized_keys": "ssh-rsa AAAAB3NzaC1yc2EAAAADAQABAAACAQCsdwO57NcpHqMRx8+2K87pfioAe1GhqfskeeiMZ2DYl/N7GuSoowouBGJElKgbLZlQUqJF2YudZewMI2RPdNURMPGHegbL2AKRIJ9QwGCC2TtwZm83u2GOMcwl8QcYy1nQ4fViyhKZV6XrfxVyeOBeLyzhzz/VLF/2Jc2w6boz9lZct5Xe0qyJ/OSdP8rrRqWjeOQVaz/mAR9QUMYi16n9UFBSYt9RzN9PuqoDTRhSbAQOhClqLjpoy1ZQ7CTZ56V4XJ27tMEn8vXfH/ghFxSrqdx+8NS8y2avJNxQrgwgg/emNEp4AS2oO1ySVLEJYYQr5IHsPjx+CLLMHcWGonIhkXPLqmv+Gh0LXX1soOE+Sd7h3SN2MjgsnKH+4gy1nUDuyrAAX/HFNpbnHdMoAmzIRgrTk0K3XiLrWwlEhAjQL9d4zsIXP31SC2MmWPdtb6citlZqFSjNtDwGhzzPyRES/n26p/4qci4hhKaxOPX6jsNoNoF8FckbQ4h8s3GTaVlH1sGHgI7ofPeBlVRTIvaOAElDp/ksXFpMaKR+0ZY85uY5E5kJOr7JluU1/uxLMFOXCkIu22NI1ofjgkgiIzR2uvA5irTxL2sSOerhwu87Cm4JayrdfxIijTlO/okG6lkvdrSRqE/eZMMaJ/ZEoz6M/E3U9Qvh5lj4AvhS1XLoFQ==\n",
              "user_data": "I2Nsb3VkLWNvbmZpZwp0aW1lem9uZTogQXNpYS9Ub2t5bwoKcnVuY21kOgojCiMgTW91bnQgTlZNZSBsb2NhbCBzdG9yYWdlCiAgLSBwYXJ0ZWQgLXMgL2Rldi9udm1lMG4xIG1rbGFiZWwgZ3B0CiAgLSBwYXJ0ZWQgLXMgL2Rldi9udm1lMG4xIC0tIG1rcGFydCBwcmltYXJ5IHhmcyAxIC0xCiAgLSBta2ZzLnhmcyAtTCBsb2NhbHNjcmF0Y2ggL2Rldi9udm1lMG4xcDEKICAtIG1rZGlyIC1wIC9tbnQvbG9jYWxkaXNrCiAgLSBlY2hvICJMQUJFTD1sb2NhbHNjcmF0Y2ggL21udC9sb2NhbGRpc2svIHhmcyBkZWZhdWx0cyxub2F0aW1lIDAgMCIgPj4gL2V0Yy9mc3RhYgogIC0gbW91bnQgL21udC9sb2NhbGRpc2sKIwojIFN0b3AgZmlyZXdhbGxkCiAgLSBzeXN0ZW1jdGwgZGlzYWJsZSAtLW5vdyBmaXJld2FsbGQKIwojIEV4cGFuZCByb290IGZpbGUgc3lzdGVtIHRvIHRob3NlIHNldCBieSBpbnN0YW5jZSBjb25maWd1cmF0aW9uCiAgLSAvdXNyL2xpYmV4ZWMvb2NpLWdyb3dmcyAteQojCiMgQWRkIHB1YmxpYyBzdWJuZXQgdG8gRE5TIHNlYXJjaAogIC0gc2VkIC1pICcvXnNlYXJjaC9zLyQvIHB1YmxpYy52Y24ub3JhY2xldmNuLmNvbS9nJyAvZXRjL3Jlc29sdi5jb25mCiAgLSBjaGF0dHIgLVIgK2kgL2V0Yy9yZXNvbHYuY29uZgojCiMgTkZTIG1vdW50IHNldHRpbmcKICAtIGVjaG8gImJhc3Rpb246L2hvbWUgL2hvbWUgbmZzIGRlZmF1bHRzLHZlcnM9MyAwIDAiID4+IC9ldGMvZnN0YWIKICAtIG1vdW50IC9ob21lCg=="
            },
            "platform_config": [
              {
                "are_virtual_instructions_enabled": false,
                "config_map": {},
                "is_access_control_service_enabled": false,
                "is_input_output_memory_management_unit_enabled": false,
                "is_measured_boot_enabled": false,
                "is_memory_encryption_enabled": false,
                "is_secure_boot_enabled": false,
                "is_symmetric_multi_threading_enabled": false,
                "is_trusted_platform_module_enabled": false,
                "numa_nodes_per_socket": "NPS2",
                "percentage_of_cores_enabled": 0,
                "type": "INTEL_ICELAKE_BM"
              }
            ],
            "preemptible_instance_config": [],
            "preserve_boot_volume": null,
            "private_ip": "10.0.2.227",
            "public_ip": "",
            "region": "ap-tokyo-1",
            "shape": "BM.Optimized3.36",
            "shape_config": [
              {
                "baseline_ocpu_utilization": "",
                "gpu_description": "",
                "gpus": 0,
                "local_disk_description": "NVMe SSD Storage",
                "local_disks": 1,
                "local_disks_total_size_in_gbs": 3840,
                "max_vnic_attachments": 128,
                "memory_in_gbs": 512,
                "networking_bandwidth_in_gbps": 100,
                "nvmes": 1,
                "ocpus": 36,
                "processor_description": "3.0 GHz Intel® Xeon® Gold 6354 (Ice Lake)",
                "vcpus": 72
              }
            ],
            "source_details": [
              {
                "boot_volume_size_in_gbs": "100",
                "boot_volume_vpus_per_gb": "10",
                "instance_source_image_filter_details": [],
                "kms_key_id": "",
                "source_id": "ocid1.image.oc1..aaaaaaaajkzfwcucvqdui7rksrvgcaagoxutbh56pecbff7qz7gbfpruhzja",
                "source_type": "image"
              }
            ],
            "state": "RUNNING",
            "subnet_id": "ocid1.subnet.oc1.ap-tokyo-1.aaaaaaaajrwwqrfd2ipk5qu6qv5zfd3zzioro5b6usn52mskk3iocufkz3ya",
            "system_tags": {},
            "time_created": "2024-02-01 09:21:06.931 +0000 UTC",
            "time_maintenance_reboot_due": null,
            "update_operation_constraint": null
          },
          "sensitive_attributes": []
        }
      ]
    },
    {
      "mode": "managed",
      "type": "null_resource",
      "name": "bastion",
      "provider": "provider[\"registry.terraform.io/hashicorp/null\"]",
      "instances": [
        {
          "schema_version": 0,
          "attributes": {
            "id": "808026823055615329",
            "triggers": {
              "bastion": "ocid1.instance.oc1.ap-tokyo-1.anxhiljrssl65iqcehrpup6xvsbds6o43t6kpbuaqoq6dfzs2r6xpluaahza"
            }
          },
          "sensitive_attributes": [],
          "dependencies": [
            "data.oci_core_cluster_network_instances.cn_instances",
            "data.oci_core_instance.cn_instances",
            "oci_core_cluster_network.cn",
            "oci_core_instance.bastion",
            "oci_core_instance_configuration.cn_config",
            "oci_core_internet_gateway.igw",
            "oci_core_nat_gateway.ngw",
            "oci_core_route_table.rt",
            "oci_core_security_list.sl",
            "oci_core_subnet.sub",
            "oci_core_virtual_network.vcn",
            "tls_private_key.ssh"
          ]
        }
      ]
    },
    {
      "mode": "managed",
      "type": "oci_core_cluster_network",
      "name": "cn",
      "provider": "provider[\"registry.terraform.io/hashicorp/oci\"]",
      "instances": [
        {
          "index_key": 0,
          "schema_version": 0,
          "attributes": {
            "cluster_configuration": null,
            "compartment_id": "ocid1.compartment.oc1..aaaaaaaaunve4zxbocxmh3e75l567c5tffah3red5jfjl4whpiksqrujn33a",
            "defined_tags": {},
            "display_name": "x9-ol88",
            "freeform_tags": {},
            "hpc_island_id": null,
            "id": "ocid1.clusternetwork.oc1.ap-tokyo-1.amaaaaaassl65iqauqdlp3zab2yz4rnhjp2zrzck243nhugmklrlmrsekmka",
            "instance_pools": [
              {
                "compartment_id": "ocid1.compartment.oc1..aaaaaaaaunve4zxbocxmh3e75l567c5tffah3red5jfjl4whpiksqrujn33a",
                "defined_tags": {},
                "display_name": "x9-ol88",
                "freeform_tags": {},
                "id": "ocid1.instancepool.oc1.ap-tokyo-1.aaaaaaaalpnjnmbp3zwpvqbhbce4sszg53xvdp6twqd5ljz7b7jhvy3amubq",
                "instance_configuration_id": "ocid1.instanceconfiguration.oc1.ap-tokyo-1.aaaaaaaa7drg634mfvx2cl64v2xi4qdecpadcrvg3otlmlvfqd3s5vkcwcoa",
                "instance_display_name_formatter": "",
                "instance_hostname_formatter": "",
                "load_balancers": [],
                "placement_configurations": [
                  {
                    "availability_domain": "TGjA:AP-TOKYO-1-AD-1",
                    "fault_domains": [],
                    "primary_subnet_id": "ocid1.subnet.oc1.ap-tokyo-1.aaaaaaaajrwwqrfd2ipk5qu6qv5zfd3zzioro5b6usn52mskk3iocufkz3ya",
                    "primary_vnic_subnets": [],
                    "secondary_vnic_subnets": []
                  }
                ],
                "size": 2,
                "state": "RUNNING",
                "time_created": "2024-02-01 09:20:26.556 +0000 UTC"
              }
            ],
            "network_block_ids": [],
            "placement_configuration": [
              {
                "availability_domain": "TGjA:AP-TOKYO-1-AD-1",
                "placement_constraint": "PACKED_DISTRIBUTION_MULTI_BLOCK",
                "primary_subnet_id": "ocid1.subnet.oc1.ap-tokyo-1.aaaaaaaajrwwqrfd2ipk5qu6qv5zfd3zzioro5b6usn52mskk3iocufkz3ya",
                "primary_vnic_subnets": [],
                "secondary_vnic_subnets": []
              }
            ],
            "state": "RUNNING",
            "time_created": "2024-02-01 09:20:08.701 +0000 UTC",
            "time_updated": "2024-02-01 09:20:35.389 +0000 UTC",
            "timeouts": null
          },
          "sensitive_attributes": [],
          "private": "eyJlMmJmYjczMC1lY2FhLTExZTYtOGY4OC0zNDM2M2JjN2M0YzAiOnsiY3JlYXRlIjoxMjAwMDAwMDAwMDAwLCJkZWxldGUiOjEyMDAwMDAwMDAwMDAsInVwZGF0ZSI6MTIwMDAwMDAwMDAwMH19",
          "dependencies": [
            "oci_core_instance_configuration.cn_config",
            "oci_core_internet_gateway.igw",
            "oci_core_nat_gateway.ngw",
            "oci_core_route_table.rt",
            "oci_core_security_list.sl",
            "oci_core_subnet.sub",
            "oci_core_virtual_network.vcn",
            "tls_private_key.ssh"
          ]
        }
      ]
    },
    {
      "mode": "managed",
      "type": "oci_core_instance",
      "name": "bastion",
      "provider": "provider[\"registry.terraform.io/hashicorp/oci\"]",
      "instances": [
        {
          "schema_version": 0,
          "attributes": {
            "agent_config": [
              {
                "are_all_plugins_disabled": false,
                "is_management_disabled": false,
                "is_monitoring_disabled": false,
                "plugins_config": []
              }
            ],
            "async": null,
            "availability_config": [
              {
                "is_live_migration_preferred": false,
                "recovery_action": "RESTORE_INSTANCE"
              }
            ],
            "availability_domain": "TGjA:AP-TOKYO-1-AD-1",
            "boot_volume_id": "ocid1.bootvolume.oc1.ap-tokyo-1.abxhiljrqr246tqajauifiiev67zom3l5vw6q5uv6cllihcrmto3ee6d55ka",
            "capacity_reservation_id": null,
            "compartment_id": "ocid1.compartment.oc1..aaaaaaaaunve4zxbocxmh3e75l567c5tffah3red5jfjl4whpiksqrujn33a",
            "compute_cluster_id": null,
            "create_vnic_details": [
              {
                "assign_ipv6ip": false,
                "assign_private_dns_record": false,
                "assign_public_ip": "true",
                "defined_tags": {},
                "display_name": "bastion",
                "freeform_tags": {},
                "hostname_label": "bastion",
                "ipv6address_ipv6subnet_cidr_pair_details": [],
                "nsg_ids": [],
                "private_ip": "10.0.1.232",
                "skip_source_dest_check": false,
                "subnet_id": "ocid1.subnet.oc1.ap-tokyo-1.aaaaaaaapalnhfzgw3stjfi5rxucymgkxpl6nfvyl6pqyz2hmvfhf2h2srhq",
                "vlan_id": ""
              }
            ],
            "dedicated_vm_host_id": null,
            "defined_tags": {},
            "display_name": "bastion",
            "extended_metadata": {},
            "fault_domain": "FAULT-DOMAIN-1",
            "freeform_tags": {},
            "hostname_label": "bastion",
            "id": "ocid1.instance.oc1.ap-tokyo-1.anxhiljrssl65iqcehrpup6xvsbds6o43t6kpbuaqoq6dfzs2r6xpluaahza",
            "image": "ocid1.image.oc1..aaaaaaaajkzfwcucvqdui7rksrvgcaagoxutbh56pecbff7qz7gbfpruhzja",
            "instance_configuration_id": null,
            "instance_options": [
              {
                "are_legacy_imds_endpoints_disabled": false
              }
            ],
            "ipxe_script": null,
            "is_cross_numa_node": false,
            "is_pv_encryption_in_transit_enabled": null,
            "launch_mode": "PARAVIRTUALIZED",
            "launch_options": [
              {
                "boot_volume_type": "PARAVIRTUALIZED",
                "firmware": "UEFI_64",
                "is_consistent_volume_naming_enabled": true,
                "is_pv_encryption_in_transit_enabled": false,
                "network_type": "PARAVIRTUALIZED",
                "remote_data_volume_type": "PARAVIRTUALIZED"
              }
            ],
            "metadata": {
              "ssh_authorized_keys": "ssh-rsa AAAAB3NzaC1yc2EAAAADAQABAAABgQCf5pkef2csDdtiZPuiz9KmwxJcXvkKrkEFEQGI44phzDxjwrtXmvxBFqly8zgUdF7ECtAu+hl53DAwjJLuZd2UpWpC4H5WSD1QluDoP6DG7cPYT3aczrrldAphyiphjl7Uz26Yb16vov9ul+/zdCokWPPBd8IVeGytrRdDf///dpyXw7jTv0I9ukis5Y6MzapxHKZKj54SH/SFZp9clcG2o4xcK+FAMlboWif3zYn8fB0Ca98ObqlhLI+ME8QAKrshDUXqYyjVmARXNz7IHhiMO5sALgjpOPM8nV3byLz+pDH1Nzl2anrz1bN/Rx0w5LFk1wbRiTo1Mae1imKWlcZUay6ts686ubYDG5HupUBW/va5cmNnnSnxy+U3VXllbQj9vWDbfi2Tw17I/4HzI2qNtaDpLzpiKHxIWuWqM35GiRWmwDZwjxM0a+RUFGvvqtLiuIUGC7UGOJ2IjTV0Ao22n3alZF5E4h6sPy/9Y87pUDFoy6pcVePDevybBAnEaNU= opc@TMIYASHI-7420\nssh-rsa AAAAB3NzaC1yc2EAAAADAQABAAACAQCsdwO57NcpHqMRx8+2K87pfioAe1GhqfskeeiMZ2DYl/N7GuSoowouBGJElKgbLZlQUqJF2YudZewMI2RPdNURMPGHegbL2AKRIJ9QwGCC2TtwZm83u2GOMcwl8QcYy1nQ4fViyhKZV6XrfxVyeOBeLyzhzz/VLF/2Jc2w6boz9lZct5Xe0qyJ/OSdP8rrRqWjeOQVaz/mAR9QUMYi16n9UFBSYt9RzN9PuqoDTRhSbAQOhClqLjpoy1ZQ7CTZ56V4XJ27tMEn8vXfH/ghFxSrqdx+8NS8y2avJNxQrgwgg/emNEp4AS2oO1ySVLEJYYQr5IHsPjx+CLLMHcWGonIhkXPLqmv+Gh0LXX1soOE+Sd7h3SN2MjgsnKH+4gy1nUDuyrAAX/HFNpbnHdMoAmzIRgrTk0K3XiLrWwlEhAjQL9d4zsIXP31SC2MmWPdtb6citlZqFSjNtDwGhzzPyRES/n26p/4qci4hhKaxOPX6jsNoNoF8FckbQ4h8s3GTaVlH1sGHgI7ofPeBlVRTIvaOAElDp/ksXFpMaKR+0ZY85uY5E5kJOr7JluU1/uxLMFOXCkIu22NI1ofjgkgiIzR2uvA5irTxL2sSOerhwu87Cm4JayrdfxIijTlO/okG6lkvdrSRqE/eZMMaJ/ZEoz6M/E3U9Qvh5lj4AvhS1XLoFQ==\n",
              "user_data": "I2Nsb3VkLWNvbmZpZwp0aW1lem9uZTogQXNpYS9Ub2t5bwoKcnVuY21kOgojIFNldCB1cCBORlMgZmlsZSBzZXJ2ZXIgZm9yIHNoYXJpbmcgb3BjIGhvbWUgZGlyZWN0b3J5CiMgVG8gYXZvaWQgZmlyZXdhbGwtY21kIGNvbW1hbmQgaHVuZyB3aGVuIGludm9rZWQgZnJvbSBjbG91ZC1pbml0CiAgLSBlY2hvICI8P3htbCB2ZXJzaW9uPVwiMS4wXCIgZW5jb2Rpbmc9XCJ1dGYtOFwiPz4iID4gL2V0Yy9maXJld2FsbGQvem9uZXMvdHJ1c3RlZC54bWwKICAtIGVjaG8gIjx6b25lIHRhcmdldD1cIkFDQ0VQVFwiPiIgPj4gL2V0Yy9maXJld2FsbGQvem9uZXMvdHJ1c3RlZC54bWwKICAtIGVjaG8gIiAgPHNob3J0PlRydXN0ZWQ8L3Nob3J0PiIgPj4gL2V0Yy9maXJld2FsbGQvem9uZXMvdHJ1c3RlZC54bWwKICAtIGVjaG8gIiAgPGRlc2NyaXB0aW9uPkFsbCBuZXR3b3JrIGNvbm5lY3Rpb25zIGFyZSBhY2NlcHRlZC48L2Rlc2NyaXB0aW9uPiIgPj4gL2V0Yy9maXJld2FsbGQvem9uZXMvdHJ1c3RlZC54bWwKICAtIGVjaG8gIiAgPHNvdXJjZSBhZGRyZXNzPVwiMTAuMC4wLjAvMTZcIi8+IiA+PiAvZXRjL2ZpcmV3YWxsZC96b25lcy90cnVzdGVkLnhtbAogIC0gZWNobyAiPC96b25lPiIgPj4gL2V0Yy9maXJld2FsbGQvem9uZXMvdHJ1c3RlZC54bWwKICAtIHN5c3RlbWN0bCByZXN0YXJ0IGZpcmV3YWxsZAogIC0gc3lzdGVtY3RsIHN0YXJ0IG5mcy1zZXJ2ZXIgcnBjYmluZAogIC0gc3lzdGVtY3RsIGVuYWJsZSBuZnMtc2VydmVyIHJwY2JpbmQKICAtIGVjaG8gIi9ob21lIDEwLjAuMC4wLzE2KHJ3LHN5bmMsbm9fcm9vdF9zcXVhc2gpIiA+PiAvZXRjL2V4cG9ydHMKICAtIGV4cG9ydGZzIC1yCgojIEFkZCBwcml2YXRlIHN1Ym5ldCB0byBETlMgc2VhcmNoCiAgLSBzZWQgLWkgJy9ec2VhcmNoL3MvJC8gcHJpdmF0ZS52Y24ub3JhY2xldmNuLmNvbS9nJyAvZXRjL3Jlc29sdi5jb25mCiAgLSBjaGF0dHIgLVIgK2kgL2V0Yy9yZXNvbHYuY29uZgo="
            },
            "platform_config": [],
            "preemptible_instance_config": [],
            "preserve_boot_volume": false,
            "private_ip": "10.0.1.232",
            "public_ip": "168.138.194.0",
            "region": "ap-tokyo-1",
            "shape": "VM.Optimized3.Flex",
            "shape_config": [
              {
                "baseline_ocpu_utilization": "",
                "gpu_description": "",
                "gpus": 0,
                "local_disk_description": "",
                "local_disks": 0,
                "local_disks_total_size_in_gbs": 0,
                "max_vnic_attachments": 2,
                "memory_in_gbs": 16,
                "networking_bandwidth_in_gbps": 4,
                "nvmes": 0,
                "ocpus": 1,
                "processor_description": "3.0 GHz Intel® Xeon® Gold 6354 (Ice Lake)",
                "vcpus": 2
              }
            ],
            "source_details": [
              {
                "boot_volume_size_in_gbs": "50",
                "boot_volume_vpus_per_gb": "10",
                "instance_source_image_filter_details": [],
                "kms_key_id": "",
                "source_id": "ocid1.image.oc1..aaaaaaaajkzfwcucvqdui7rksrvgcaagoxutbh56pecbff7qz7gbfpruhzja",
                "source_type": "image"
              }
            ],
            "state": "RUNNING",
            "subnet_id": "ocid1.subnet.oc1.ap-tokyo-1.aaaaaaaapalnhfzgw3stjfi5rxucymgkxpl6nfvyl6pqyz2hmvfhf2h2srhq",
            "system_tags": {},
            "time_created": "2024-02-01 09:20:08.864 +0000 UTC",
            "time_maintenance_reboot_due": "",
            "timeouts": null,
            "update_operation_constraint": null
          },
          "sensitive_attributes": [],
          "private": "eyJlMmJmYjczMC1lY2FhLTExZTYtOGY4OC0zNDM2M2JjN2M0YzAiOnsiY3JlYXRlIjoyNzAwMDAwMDAwMDAwLCJkZWxldGUiOjQ1MDAwMDAwMDAwMDAsInVwZGF0ZSI6MjcwMDAwMDAwMDAwMH19",
          "dependencies": [
            "oci_core_internet_gateway.igw",
            "oci_core_nat_gateway.ngw",
            "oci_core_route_table.rt",
            "oci_core_security_list.sl",
            "oci_core_subnet.sub",
            "oci_core_virtual_network.vcn",
            "tls_private_key.ssh"
          ]
        }
      ]
    },
    {
      "mode": "managed",
      "type": "oci_core_instance_configuration",
      "name": "cn_config",
      "provider": "provider[\"registry.terraform.io/hashicorp/oci\"]",
      "instances": [
        {
          "index_key": 0,
          "schema_version": 0,
          "attributes": {
            "compartment_id": "ocid1.compartment.oc1..aaaaaaaaunve4zxbocxmh3e75l567c5tffah3red5jfjl4whpiksqrujn33a",
            "deferred_fields": [
              "instanceDetails.launchDetails.createVnicDetails"
            ],
            "defined_tags": {},
            "display_name": "x9-ol88",
            "freeform_tags": {},
            "id": "ocid1.instanceconfiguration.oc1.ap-tokyo-1.aaaaaaaa7drg634mfvx2cl64v2xi4qdecpadcrvg3otlmlvfqd3s5vkcwcoa",
            "instance_details": [
              {
                "block_volumes": [],
                "instance_type": "compute",
                "launch_details": [
                  {
                    "agent_config": [
                      {
                        "are_all_plugins_disabled": false,
                        "is_management_disabled": false,
                        "is_monitoring_disabled": false,
                        "plugins_config": [
                          {
                            "desired_state": "ENABLED",
                            "name": "Compute HPC RDMA Authentication"
                          },
                          {
                            "desired_state": "ENABLED",
                            "name": "Compute HPC RDMA Auto-Configuration"
                          }
                        ]
                      }
                    ],
                    "availability_config": [],
                    "availability_domain": "TGjA:AP-TOKYO-1-AD-1",
                    "capacity_reservation_id": "",
                    "compartment_id": "ocid1.compartment.oc1..aaaaaaaaunve4zxbocxmh3e75l567c5tffah3red5jfjl4whpiksqrujn33a",
                    "create_vnic_details": [],
                    "dedicated_vm_host_id": "",
                    "defined_tags": {},
                    "display_name": "",
                    "extended_metadata": {},
                    "fault_domain": "",
                    "freeform_tags": {},
                    "instance_options": [],
                    "ipxe_script": "",
                    "is_pv_encryption_in_transit_enabled": false,
                    "launch_mode": "",
                    "launch_options": [],
                    "metadata": {
                      "ssh_authorized_keys": "ssh-rsa AAAAB3NzaC1yc2EAAAADAQABAAACAQCsdwO57NcpHqMRx8+2K87pfioAe1GhqfskeeiMZ2DYl/N7GuSoowouBGJElKgbLZlQUqJF2YudZewMI2RPdNURMPGHegbL2AKRIJ9QwGCC2TtwZm83u2GOMcwl8QcYy1nQ4fViyhKZV6XrfxVyeOBeLyzhzz/VLF/2Jc2w6boz9lZct5Xe0qyJ/OSdP8rrRqWjeOQVaz/mAR9QUMYi16n9UFBSYt9RzN9PuqoDTRhSbAQOhClqLjpoy1ZQ7CTZ56V4XJ27tMEn8vXfH/ghFxSrqdx+8NS8y2avJNxQrgwgg/emNEp4AS2oO1ySVLEJYYQr5IHsPjx+CLLMHcWGonIhkXPLqmv+Gh0LXX1soOE+Sd7h3SN2MjgsnKH+4gy1nUDuyrAAX/HFNpbnHdMoAmzIRgrTk0K3XiLrWwlEhAjQL9d4zsIXP31SC2MmWPdtb6citlZqFSjNtDwGhzzPyRES/n26p/4qci4hhKaxOPX6jsNoNoF8FckbQ4h8s3GTaVlH1sGHgI7ofPeBlVRTIvaOAElDp/ksXFpMaKR+0ZY85uY5E5kJOr7JluU1/uxLMFOXCkIu22NI1ofjgkgiIzR2uvA5irTxL2sSOerhwu87Cm4JayrdfxIijTlO/okG6lkvdrSRqE/eZMMaJ/ZEoz6M/E3U9Qvh5lj4AvhS1XLoFQ==\n",
                      "user_data": "I2Nsb3VkLWNvbmZpZwp0aW1lem9uZTogQXNpYS9Ub2t5bwoKcnVuY21kOgojCiMgTW91bnQgTlZNZSBsb2NhbCBzdG9yYWdlCiAgLSBwYXJ0ZWQgLXMgL2Rldi9udm1lMG4xIG1rbGFiZWwgZ3B0CiAgLSBwYXJ0ZWQgLXMgL2Rldi9udm1lMG4xIC0tIG1rcGFydCBwcmltYXJ5IHhmcyAxIC0xCiAgLSBta2ZzLnhmcyAtTCBsb2NhbHNjcmF0Y2ggL2Rldi9udm1lMG4xcDEKICAtIG1rZGlyIC1wIC9tbnQvbG9jYWxkaXNrCiAgLSBlY2hvICJMQUJFTD1sb2NhbHNjcmF0Y2ggL21udC9sb2NhbGRpc2svIHhmcyBkZWZhdWx0cyxub2F0aW1lIDAgMCIgPj4gL2V0Yy9mc3RhYgogIC0gbW91bnQgL21udC9sb2NhbGRpc2sKIwojIFN0b3AgZmlyZXdhbGxkCiAgLSBzeXN0ZW1jdGwgZGlzYWJsZSAtLW5vdyBmaXJld2FsbGQKIwojIEV4cGFuZCByb290IGZpbGUgc3lzdGVtIHRvIHRob3NlIHNldCBieSBpbnN0YW5jZSBjb25maWd1cmF0aW9uCiAgLSAvdXNyL2xpYmV4ZWMvb2NpLWdyb3dmcyAteQojCiMgQWRkIHB1YmxpYyBzdWJuZXQgdG8gRE5TIHNlYXJjaAogIC0gc2VkIC1pICcvXnNlYXJjaC9zLyQvIHB1YmxpYy52Y24ub3JhY2xldmNuLmNvbS9nJyAvZXRjL3Jlc29sdi5jb25mCiAgLSBjaGF0dHIgLVIgK2kgL2V0Yy9yZXNvbHYuY29uZgojCiMgTkZTIG1vdW50IHNldHRpbmcKICAtIGVjaG8gImJhc3Rpb246L2hvbWUgL2hvbWUgbmZzIGRlZmF1bHRzLHZlcnM9MyAwIDAiID4+IC9ldGMvZnN0YWIKICAtIG1vdW50IC9ob21lCg=="
                    },
                    "platform_config": [
                      {
                        "are_virtual_instructions_enabled": false,
                        "config_map": {},
                        "is_access_control_service_enabled": false,
                        "is_input_output_memory_management_unit_enabled": false,
                        "is_measured_boot_enabled": false,
                        "is_memory_encryption_enabled": false,
                        "is_secure_boot_enabled": false,
                        "is_symmetric_multi_threading_enabled": false,
                        "is_trusted_platform_module_enabled": false,
                        "numa_nodes_per_socket": "NPS2",
                        "percentage_of_cores_enabled": 0,
                        "type": "INTEL_ICELAKE_BM"
                      }
                    ],
                    "preemptible_instance_config": [],
                    "preferred_maintenance_action": "",
                    "shape": "BM.Optimized3.36",
                    "shape_config": [],
                    "source_details": [
                      {
                        "boot_volume_id": "",
                        "boot_volume_size_in_gbs": "100",
                        "boot_volume_vpus_per_gb": "10",
                        "image_id": "ocid1.image.oc1..aaaaaaaajkzfwcucvqdui7rksrvgcaagoxutbh56pecbff7qz7gbfpruhzja",
                        "instance_source_image_filter_details": [],
                        "kms_key_id": "",
                        "source_type": "image"
                      }
                    ]
                  }
                ],
                "options": [],
                "secondary_vnics": []
              }
            ],
            "instance_id": null,
            "source": null,
            "time_created": "2024-02-01 09:20:02.7 +0000 UTC",
            "timeouts": null
          },
          "sensitive_attributes": [],
          "private": "eyJlMmJmYjczMC1lY2FhLTExZTYtOGY4OC0zNDM2M2JjN2M0YzAiOnsiY3JlYXRlIjoxMjAwMDAwMDAwMDAwLCJkZWxldGUiOjEyMDAwMDAwMDAwMDAsInVwZGF0ZSI6MTIwMDAwMDAwMDAwMH19",
          "dependencies": [
            "tls_private_key.ssh"
          ]
        }
      ]
    },
    {
      "mode": "managed",
      "type": "oci_core_internet_gateway",
      "name": "igw",
      "provider": "provider[\"registry.terraform.io/hashicorp/oci\"]",
      "instances": [
        {
          "schema_version": 0,
          "attributes": {
            "compartment_id": "ocid1.compartment.oc1..aaaaaaaaunve4zxbocxmh3e75l567c5tffah3red5jfjl4whpiksqrujn33a",
            "defined_tags": {},
            "display_name": "igw",
            "enabled": true,
            "freeform_tags": {},
            "id": "ocid1.internetgateway.oc1.ap-tokyo-1.aaaaaaaao5fwwp7auhezoc7fs2iuqufm3hzxemkdphzdolkt2qddzpkmqdtq",
            "route_table_id": null,
            "state": "AVAILABLE",
            "time_created": "2024-02-01 09:20:02.966 +0000 UTC",
            "timeouts": null,
            "vcn_id": "ocid1.vcn.oc1.ap-tokyo-1.amaaaaaassl65iqaitcd2sxgjbzwdsemcrac6smfif4wqcmziutfmrnvs5ca"
          },
          "sensitive_attributes": [],
          "private": "eyJlMmJmYjczMC1lY2FhLTExZTYtOGY4OC0zNDM2M2JjN2M0YzAiOnsiY3JlYXRlIjoxMjAwMDAwMDAwMDAwLCJkZWxldGUiOjEyMDAwMDAwMDAwMDAsInVwZGF0ZSI6MTIwMDAwMDAwMDAwMH19",
          "dependencies": [
            "oci_core_virtual_network.vcn"
          ]
        }
      ]
    },
    {
      "mode": "managed",
      "type": "oci_core_nat_gateway",
      "name": "ngw",
      "provider": "provider[\"registry.terraform.io/hashicorp/oci\"]",
      "instances": [
        {
          "schema_version": 0,
          "attributes": {
            "block_traffic": false,
            "compartment_id": "ocid1.compartment.oc1..aaaaaaaaunve4zxbocxmh3e75l567c5tffah3red5jfjl4whpiksqrujn33a",
            "defined_tags": {},
            "display_name": "ngw",
            "freeform_tags": {},
            "id": "ocid1.natgateway.oc1.ap-tokyo-1.aaaaaaaa6kzokouzuts76riss3w3jpkzzjye266iqmzxv4u4cno3ffkodxgq",
            "nat_ip": "141.147.178.201",
            "public_ip_id": "ocid1.publicip.oc1.ap-tokyo-1.aaaaaaaadbsifjq55lzhjyubjag5p4uekq2bbraxljdvkgmgexhwnhasjwtq",
            "route_table_id": null,
            "state": "AVAILABLE",
            "time_created": "2024-02-01 09:20:03.353 +0000 UTC",
            "timeouts": null,
            "vcn_id": "ocid1.vcn.oc1.ap-tokyo-1.amaaaaaassl65iqaitcd2sxgjbzwdsemcrac6smfif4wqcmziutfmrnvs5ca"
          },
          "sensitive_attributes": [],
          "private": "eyJlMmJmYjczMC1lY2FhLTExZTYtOGY4OC0zNDM2M2JjN2M0YzAiOnsiY3JlYXRlIjoxMjAwMDAwMDAwMDAwLCJkZWxldGUiOjEyMDAwMDAwMDAwMDAsInVwZGF0ZSI6MTIwMDAwMDAwMDAwMH19",
          "dependencies": [
            "oci_core_virtual_network.vcn"
          ]
        }
      ]
    },
    {
      "mode": "managed",
      "type": "oci_core_route_table",
      "name": "rt",
      "provider": "provider[\"registry.terraform.io/hashicorp/oci\"]",
      "instances": [
        {
          "index_key": "private",
          "schema_version": 0,
          "attributes": {
            "compartment_id": "ocid1.compartment.oc1..aaaaaaaaunve4zxbocxmh3e75l567c5tffah3red5jfjl4whpiksqrujn33a",
            "defined_tags": {},
            "display_name": "private",
            "freeform_tags": {},
            "id": "ocid1.routetable.oc1.ap-tokyo-1.aaaaaaaadctlhmlz5euurs6j3tvsesznwvqbc5csmhsdmj4uu7jdkasmuhja",
            "route_rules": [
              {
                "cidr_block": "",
                "description": "Default route to NAT gateway",
                "destination": "0.0.0.0/0",
                "destination_type": "CIDR_BLOCK",
                "network_entity_id": "ocid1.natgateway.oc1.ap-tokyo-1.aaaaaaaa6kzokouzuts76riss3w3jpkzzjye266iqmzxv4u4cno3ffkodxgq",
                "route_type": ""
              }
            ],
            "state": "AVAILABLE",
            "time_created": "2024-02-01 09:20:04.605 +0000 UTC",
            "timeouts": null,
            "vcn_id": "ocid1.vcn.oc1.ap-tokyo-1.amaaaaaassl65iqaitcd2sxgjbzwdsemcrac6smfif4wqcmziutfmrnvs5ca"
          },
          "sensitive_attributes": [],
          "private": "eyJlMmJmYjczMC1lY2FhLTExZTYtOGY4OC0zNDM2M2JjN2M0YzAiOnsiY3JlYXRlIjoxMjAwMDAwMDAwMDAwLCJkZWxldGUiOjEyMDAwMDAwMDAwMDAsInVwZGF0ZSI6MTIwMDAwMDAwMDAwMH19",
          "dependencies": [
            "oci_core_internet_gateway.igw",
            "oci_core_nat_gateway.ngw",
            "oci_core_virtual_network.vcn"
          ]
        },
        {
          "index_key": "public",
          "schema_version": 0,
          "attributes": {
            "compartment_id": "ocid1.compartment.oc1..aaaaaaaaunve4zxbocxmh3e75l567c5tffah3red5jfjl4whpiksqrujn33a",
            "defined_tags": {},
            "display_name": "public",
            "freeform_tags": {},
            "id": "ocid1.routetable.oc1.ap-tokyo-1.aaaaaaaauv66fppk2fprwdohrt6jpa3rehg4jlufrxodn5z3d2tjfdd73kta",
            "route_rules": [
              {
                "cidr_block": "",
                "description": "Default route to Internet gateway",
                "destination": "0.0.0.0/0",
                "destination_type": "CIDR_BLOCK",
                "network_entity_id": "ocid1.internetgateway.oc1.ap-tokyo-1.aaaaaaaao5fwwp7auhezoc7fs2iuqufm3hzxemkdphzdolkt2qddzpkmqdtq",
                "route_type": ""
              }
            ],
            "state": "AVAILABLE",
            "time_created": "2024-02-01 09:20:04.518 +0000 UTC",
            "timeouts": null,
            "vcn_id": "ocid1.vcn.oc1.ap-tokyo-1.amaaaaaassl65iqaitcd2sxgjbzwdsemcrac6smfif4wqcmziutfmrnvs5ca"
          },
          "sensitive_attributes": [],
          "private": "eyJlMmJmYjczMC1lY2FhLTExZTYtOGY4OC0zNDM2M2JjN2M0YzAiOnsiY3JlYXRlIjoxMjAwMDAwMDAwMDAwLCJkZWxldGUiOjEyMDAwMDAwMDAwMDAsInVwZGF0ZSI6MTIwMDAwMDAwMDAwMH19",
          "dependencies": [
            "oci_core_internet_gateway.igw",
            "oci_core_nat_gateway.ngw",
            "oci_core_virtual_network.vcn"
          ]
        }
      ]
    },
    {
      "mode": "managed",
      "type": "oci_core_security_list",
      "name": "sl",
      "provider": "provider[\"registry.terraform.io/hashicorp/oci\"]",
      "instances": [
        {
          "index_key": "private",
          "schema_version": 0,
          "attributes": {
            "compartment_id": "ocid1.compartment.oc1..aaaaaaaaunve4zxbocxmh3e75l567c5tffah3red5jfjl4whpiksqrujn33a",
            "defined_tags": {},
            "display_name": "private",
            "egress_security_rules": [
              {
                "description": "",
                "destination": "0.0.0.0/0",
                "destination_type": "CIDR_BLOCK",
                "icmp_options": [],
                "protocol": "all",
                "stateless": false,
                "tcp_options": [],
                "udp_options": []
              }
            ],
            "freeform_tags": {},
            "id": "ocid1.securitylist.oc1.ap-tokyo-1.aaaaaaaa4zqq54xe2mpvsiajkomibs55kmtoof6n7uahyq6fi5ogixlzaacq",
            "ingress_security_rules": [
              {
                "description": "",
                "icmp_options": [],
                "protocol": "all",
                "source": "10.0.0.0/16",
                "source_type": "CIDR_BLOCK",
                "stateless": false,
                "tcp_options": [],
                "udp_options": []
              }
            ],
            "state": "AVAILABLE",
            "time_created": "2024-02-01 09:20:02.959 +0000 UTC",
            "timeouts": null,
            "vcn_id": "ocid1.vcn.oc1.ap-tokyo-1.amaaaaaassl65iqaitcd2sxgjbzwdsemcrac6smfif4wqcmziutfmrnvs5ca"
          },
          "sensitive_attributes": [],
          "private": "eyJlMmJmYjczMC1lY2FhLTExZTYtOGY4OC0zNDM2M2JjN2M0YzAiOnsiY3JlYXRlIjoxMjAwMDAwMDAwMDAwLCJkZWxldGUiOjEyMDAwMDAwMDAwMDAsInVwZGF0ZSI6MTIwMDAwMDAwMDAwMH19",
          "dependencies": [
            "oci_core_virtual_network.vcn"
          ]
        },
        {
          "index_key": "public",
          "schema_version": 0,
          "attributes": {
            "compartment_id": "ocid1.compartment.oc1..aaaaaaaaunve4zxbocxmh3e75l567c5tffah3red5jfjl4whpiksqrujn33a",
            "defined_tags": {},
            "display_name": "public",
            "egress_security_rules": [
              {
                "description": "",
                "destination": "0.0.0.0/0",
                "destination_type": "CIDR_BLOCK",
                "icmp_options": [],
                "protocol": "all",
                "stateless": false,
                "tcp_options": [],
                "udp_options": []
              }
            ],
            "freeform_tags": {},
            "id": "ocid1.securitylist.oc1.ap-tokyo-1.aaaaaaaaadcsybaov3u35o5yobkzectnbkz6po4nwudpfj53zgob2zf3fbga",
            "ingress_security_rules": [
              {
                "description": "",
                "icmp_options": [],
                "protocol": "6",
                "source": "0.0.0.0/0",
                "source_type": "CIDR_BLOCK",
                "stateless": false,
                "tcp_options": [
                  {
                    "max": 22,
                    "min": 22,
                    "source_port_range": []
                  }
                ],
                "udp_options": []
              },
              {
                "description": "",
                "icmp_options": [],
                "protocol": "all",
                "source": "10.0.0.0/16",
                "source_type": "CIDR_BLOCK",
                "stateless": false,
                "tcp_options": [],
                "udp_options": []
              }
            ],
            "state": "AVAILABLE",
            "time_created": "2024-02-01 09:20:02.839 +0000 UTC",
            "timeouts": null,
            "vcn_id": "ocid1.vcn.oc1.ap-tokyo-1.amaaaaaassl65iqaitcd2sxgjbzwdsemcrac6smfif4wqcmziutfmrnvs5ca"
          },
          "sensitive_attributes": [],
          "private": "eyJlMmJmYjczMC1lY2FhLTExZTYtOGY4OC0zNDM2M2JjN2M0YzAiOnsiY3JlYXRlIjoxMjAwMDAwMDAwMDAwLCJkZWxldGUiOjEyMDAwMDAwMDAwMDAsInVwZGF0ZSI6MTIwMDAwMDAwMDAwMH19",
          "dependencies": [
            "oci_core_virtual_network.vcn"
          ]
        }
      ]
    },
    {
      "mode": "managed",
      "type": "oci_core_subnet",
      "name": "sub",
      "provider": "provider[\"registry.terraform.io/hashicorp/oci\"]",
      "instances": [
        {
          "index_key": "private",
          "schema_version": 0,
          "attributes": {
            "availability_domain": null,
            "cidr_block": "10.0.2.0/24",
            "compartment_id": "ocid1.compartment.oc1..aaaaaaaaunve4zxbocxmh3e75l567c5tffah3red5jfjl4whpiksqrujn33a",
            "defined_tags": {},
            "dhcp_options_id": "ocid1.dhcpoptions.oc1.ap-tokyo-1.aaaaaaaavztaqnp7dq5a5usxvsrfjbevatqlz7twwuiiqw3l3bapfy3zlnxa",
            "display_name": "private",
            "dns_label": "private",
            "freeform_tags": {},
            "id": "ocid1.subnet.oc1.ap-tokyo-1.aaaaaaaajrwwqrfd2ipk5qu6qv5zfd3zzioro5b6usn52mskk3iocufkz3ya",
            "ipv6cidr_block": null,
            "ipv6cidr_blocks": [],
            "ipv6virtual_router_ip": null,
            "prohibit_internet_ingress": true,
            "prohibit_public_ip_on_vnic": true,
            "route_table_id": "ocid1.routetable.oc1.ap-tokyo-1.aaaaaaaadctlhmlz5euurs6j3tvsesznwvqbc5csmhsdmj4uu7jdkasmuhja",
            "security_list_ids": [
              "ocid1.securitylist.oc1.ap-tokyo-1.aaaaaaaa4zqq54xe2mpvsiajkomibs55kmtoof6n7uahyq6fi5ogixlzaacq"
            ],
            "state": "AVAILABLE",
            "subnet_domain_name": "private.vcn.oraclevcn.com",
            "time_created": "2024-02-01 09:20:05.057 +0000 UTC",
            "timeouts": null,
            "vcn_id": "ocid1.vcn.oc1.ap-tokyo-1.amaaaaaassl65iqaitcd2sxgjbzwdsemcrac6smfif4wqcmziutfmrnvs5ca",
            "virtual_router_ip": "10.0.2.1",
            "virtual_router_mac": "00:00:17:66:AA:70"
          },
          "sensitive_attributes": [],
          "private": "eyJlMmJmYjczMC1lY2FhLTExZTYtOGY4OC0zNDM2M2JjN2M0YzAiOnsiY3JlYXRlIjoxMjAwMDAwMDAwMDAwLCJkZWxldGUiOjEyMDAwMDAwMDAwMDAsInVwZGF0ZSI6MTIwMDAwMDAwMDAwMH19",
          "dependencies": [
            "oci_core_internet_gateway.igw",
            "oci_core_nat_gateway.ngw",
            "oci_core_route_table.rt",
            "oci_core_security_list.sl",
            "oci_core_virtual_network.vcn"
          ]
        },
        {
          "index_key": "public",
          "schema_version": 0,
          "attributes": {
            "availability_domain": null,
            "cidr_block": "10.0.1.0/24",
            "compartment_id": "ocid1.compartment.oc1..aaaaaaaaunve4zxbocxmh3e75l567c5tffah3red5jfjl4whpiksqrujn33a",
            "defined_tags": {},
            "dhcp_options_id": "ocid1.dhcpoptions.oc1.ap-tokyo-1.aaaaaaaavztaqnp7dq5a5usxvsrfjbevatqlz7twwuiiqw3l3bapfy3zlnxa",
            "display_name": "public",
            "dns_label": "public",
            "freeform_tags": {},
            "id": "ocid1.subnet.oc1.ap-tokyo-1.aaaaaaaapalnhfzgw3stjfi5rxucymgkxpl6nfvyl6pqyz2hmvfhf2h2srhq",
            "ipv6cidr_block": null,
            "ipv6cidr_blocks": [],
            "ipv6virtual_router_ip": null,
            "prohibit_internet_ingress": false,
            "prohibit_public_ip_on_vnic": false,
            "route_table_id": "ocid1.routetable.oc1.ap-tokyo-1.aaaaaaaauv66fppk2fprwdohrt6jpa3rehg4jlufrxodn5z3d2tjfdd73kta",
            "security_list_ids": [
              "ocid1.securitylist.oc1.ap-tokyo-1.aaaaaaaaadcsybaov3u35o5yobkzectnbkz6po4nwudpfj53zgob2zf3fbga"
            ],
            "state": "AVAILABLE",
            "subnet_domain_name": "public.vcn.oraclevcn.com",
            "time_created": "2024-02-01 09:20:05.354 +0000 UTC",
            "timeouts": null,
            "vcn_id": "ocid1.vcn.oc1.ap-tokyo-1.amaaaaaassl65iqaitcd2sxgjbzwdsemcrac6smfif4wqcmziutfmrnvs5ca",
            "virtual_router_ip": "10.0.1.1",
            "virtual_router_mac": "00:00:17:66:AA:70"
          },
          "sensitive_attributes": [],
          "private": "eyJlMmJmYjczMC1lY2FhLTExZTYtOGY4OC0zNDM2M2JjN2M0YzAiOnsiY3JlYXRlIjoxMjAwMDAwMDAwMDAwLCJkZWxldGUiOjEyMDAwMDAwMDAwMDAsInVwZGF0ZSI6MTIwMDAwMDAwMDAwMH19",
          "dependencies": [
            "oci_core_internet_gateway.igw",
            "oci_core_nat_gateway.ngw",
            "oci_core_route_table.rt",
            "oci_core_security_list.sl",
            "oci_core_virtual_network.vcn"
          ]
        }
      ]
    },
    {
      "mode": "managed",
      "type": "oci_core_virtual_network",
      "name": "vcn",
      "provider": "provider[\"registry.terraform.io/hashicorp/oci\"]",
      "instances": [
        {
          "schema_version": 0,
          "attributes": {
            "byoipv6cidr_blocks": [],
            "byoipv6cidr_details": null,
            "cidr_block": "10.0.0.0/16",
            "cidr_blocks": [
              "10.0.0.0/16"
            ],
            "compartment_id": "ocid1.compartment.oc1..aaaaaaaaunve4zxbocxmh3e75l567c5tffah3red5jfjl4whpiksqrujn33a",
            "default_dhcp_options_id": "ocid1.dhcpoptions.oc1.ap-tokyo-1.aaaaaaaavztaqnp7dq5a5usxvsrfjbevatqlz7twwuiiqw3l3bapfy3zlnxa",
            "default_route_table_id": "ocid1.routetable.oc1.ap-tokyo-1.aaaaaaaaakpcdocjygh57klda4oxfk34xfa4ni4xqd5woqd4si6dr3kz5ysa",
            "default_security_list_id": "ocid1.securitylist.oc1.ap-tokyo-1.aaaaaaaawttgvvxbfnxiku64pbkmtcjem4nkzfne6dgujzz7zqq52fiusiwa",
            "defined_tags": {},
            "display_name": "vcn",
            "dns_label": "vcn",
            "freeform_tags": {},
            "id": "ocid1.vcn.oc1.ap-tokyo-1.amaaaaaassl65iqaitcd2sxgjbzwdsemcrac6smfif4wqcmziutfmrnvs5ca",
            "ipv6cidr_blocks": [],
            "ipv6private_cidr_blocks": [],
            "is_ipv6enabled": false,
            "is_oracle_gua_allocation_enabled": null,
            "state": "AVAILABLE",
            "time_created": "2024-02-01 09:20:02.284 +0000 UTC",
            "timeouts": null,
            "vcn_domain_name": "vcn.oraclevcn.com"
          },
          "sensitive_attributes": [],
          "private": "eyJlMmJmYjczMC1lY2FhLTExZTYtOGY4OC0zNDM2M2JjN2M0YzAiOnsiY3JlYXRlIjoxMjAwMDAwMDAwMDAwLCJkZWxldGUiOjEyMDAwMDAwMDAwMDAsInVwZGF0ZSI6MTIwMDAwMDAwMDAwMH19"
        }
      ]
    },
    {
      "mode": "managed",
      "type": "tls_private_key",
      "name": "ssh",
      "provider": "provider[\"registry.terraform.io/hashicorp/tls\"]",
      "instances": [
        {
          "schema_version": 1,
          "attributes": {
            "algorithm": "RSA",
            "ecdsa_curve": "P224",
            "id": "9bc964d5d90b251d7701c4b282502ccc7ab2fef2",
            "private_key_openssh": "-----BEGIN OPENSSH PRIVATE KEY-----\nb3BlbnNzaC1rZXktdjEAAAAABG5vbmUAAAAEbm9uZQAAAAAAAAABAAACFwAAAAdz\nc2gtcnNhAAAAAwEAAQAAAgEArHcDuezXKR6jEcfPtivO6X4qAHtRoan7JHnojGdg\n2JfzexrkqKMKLgRiRJSoGy2ZUFKiRdmLnWXsDCNkT3TVETDxh3oGy9gCkSCfUMBg\ngtk7cGZvN7thjjHMJfEHGMtZ0OH1YsoSmVel638VcnjgXi8s4c8/1Sxf9iXNsOm6\nM/ZWXLeV3tKsifzknT/K60alo3jkFWs/5gEfUFDGItep/VBQUmLfUczfT7qqA00Y\nUmwEDoQpai46aMtWUOwk2eeleFydu7TBJ/L13x/4IRcUq6ncfvDUvMtmryTcUK4M\nIIP3pjRKeAEtqDtcklSxCWGEK+SB7D48fgiyzB3FhqJyIZFzy6pr/hodC119bKDh\nPkne4d0jdjI4LJyh/uIMtZ1A7sqwAF/xxTaW5x3TKAJsyEYK05NCt14i61sJRIQI\n0C/XeM7CFz99UgtjJlj3bW+nIrZWahUozbQ8Boc8z8kREv59uqf+KnIuIYSmsTj1\n+o7DaDaBfBXJG0OIfLNxk2lZR9bBh4CO6Hz3gZVUUyL2jgBJQ6f5LFxaTGikftGW\nPObmOROZCTq+yZblNf7sSzBTlwpCLttjSNaH44JIIiM0drrwOYq08S9rEjnq4cLv\nOwpuCWsq3X8SIo05Tv6JBupZL3a0kahP3mTDGif2RKM+jPxN1PUL4eZY+AL4UtVy\n6BUAAAc4e6cXkHunF5AAAAAHc3NoLXJzYQAAAgEArHcDuezXKR6jEcfPtivO6X4q\nAHtRoan7JHnojGdg2JfzexrkqKMKLgRiRJSoGy2ZUFKiRdmLnWXsDCNkT3TVETDx\nh3oGy9gCkSCfUMBggtk7cGZvN7thjjHMJfEHGMtZ0OH1YsoSmVel638VcnjgXi8s\n4c8/1Sxf9iXNsOm6M/ZWXLeV3tKsifzknT/K60alo3jkFWs/5gEfUFDGItep/VBQ\nUmLfUczfT7qqA00YUmwEDoQpai46aMtWUOwk2eeleFydu7TBJ/L13x/4IRcUq6nc\nfvDUvMtmryTcUK4MIIP3pjRKeAEtqDtcklSxCWGEK+SB7D48fgiyzB3FhqJyIZFz\ny6pr/hodC119bKDhPkne4d0jdjI4LJyh/uIMtZ1A7sqwAF/xxTaW5x3TKAJsyEYK\n05NCt14i61sJRIQI0C/XeM7CFz99UgtjJlj3bW+nIrZWahUozbQ8Boc8z8kREv59\nuqf+KnIuIYSmsTj1+o7DaDaBfBXJG0OIfLNxk2lZR9bBh4CO6Hz3gZVUUyL2jgBJ\nQ6f5LFxaTGikftGWPObmOROZCTq+yZblNf7sSzBTlwpCLttjSNaH44JIIiM0drrw\nOYq08S9rEjnq4cLvOwpuCWsq3X8SIo05Tv6JBupZL3a0kahP3mTDGif2RKM+jPxN\n1PUL4eZY+AL4UtVy6BUAAAADAQABAAACAA/9SL8oEhqh2ISBfeRp01kadVJuHHdc\nhwgutTyvKO9rxwsWxzRLSVpS1bl9/sfmRlyIDLtlG+iP1n6ZmWc0cbySSRJCYfbs\nI/DIkXyvGUOIWFZnaNBF8xl3zHGIExxdXgpbqKBsE6Vb1uoqchaW1lZlEUguKsDc\nyFjN0HAiezzuDbuy2ZY6+fwhEiDyFSIS/rBVOPAzbU0ptXmAw53fWMc/dvLsb7/p\nupptt+1ubF7X3NhrsFtDxe6JS4tdGV2KeHDcRVNtwqqtf9Yb5KlMtoHj0amDMnX+\ndZqvVC22tTEeiwtBtdXCZjU+q6p1Z6RzAgn/uXvpmTomHE2IRRPiY6pKBQ8obJsM\nPEnMOU980c7Ofs0EF0u76uOiUFxGYw897faLtJZV5n6exLmgC2DqCGHRTG5qWchG\nrhgyrL4aVf7HK0nyEbH5j1nO+ilKwpdDGY4oe2ztQU1Q+3FLb75t54y7lKjdmeZs\nUoaGATAEeBeV64JVod+UthdS7sOdGn2aXdtyXLvdzyEEs2ByTifwIrDmia0877xs\nc85DdtCbH7dAkMiLGy4kfiw5KGEPSJvnuQhGOiB24p7cqqDGs6R9nNglRlA2whad\nkpKSat5vtnp0qr0+HICZJqDRPQGqKcoe1dDkbq2tHghN//47g8oKHbKUcW5mThmT\n6pqbb2mDZHRRAAABADmy+f7OviyFkIXSiKyybmfPS4VkXIcCvqtFHalb8t88mxP+\ny16mYm0aYyK8juey9OsZ2LKqUaUD6wFflcqqETpslsyHTbG5nNobKcJ+hdhVMCX3\ndab7/itxPGTGmU1dmXOuE0gseUio4wzSs1VJJxivlzwD6Jnkfi6LZXNjx8M7XT06\n+iqLn8jn9Qh3jWguJsaqHJ0pPFkIVytMhD3laDhEhuayLhWZUbegybaUnbK0VSbZ\nu9IZJw0sUXUu6zNtj00Kwk/km/BPW8nbX70KE/YLzFf6sy4KN+QAsXqQkwFxDkV2\nhCe0BE7TU8Ylc3ejscc0rVEnZwXzYYplww1krksAAAEBAMWm/P+5zEezGbDnH4/H\ner1NX+dnIn48vxoJ6Y7lJ3pHJFflP5M0SlDtYGTnZ/Dgxsp8wuYj445z60RcUn41\n20PBWYya6Ji+7XVkwNCsqJ2l7e6eoXrMjz1EeO6sOwjG5JZN0NcQ4a9e9rINyy1O\nb3JkVmMoSMx0J5TJkC/r4SqzQnqiAEJz8uGIurmrEAnWkNgpH4hHNAlzAy3mOHWU\nP+c+C+Sj4r0H/BJu7SWTO/AAvKuYdqnuoFxH6gYM7anJ0hnwLYwIJRG/8/BjrGQO\nt/uBe5elLKcXPBv0WEaKEtUCZJzm7r+xzq3lHcU6OYLbtj5GrsPl9cU2Tc2WSOBB\nYesAAAEBAN9gj2ehXRlkzWsQ1f5WycWiC1wwnxHplRB/iX8AN/mieKPfDzsX9bQk\nM29mEGYYZjGkqRSXN5AME8Y/B6I3sR+R8jQC8i4E3amLck1PkjCERWED5pKut1/Y\nnadaEQ7pKg/RWR7XNJyuWihkZmWlWaVtDAwii30ALchxdd9zt8Uo5NLuORrsqZs/\nXvi1IiNLbS2/PqRJ7bLJ2Nl0dHSZkSBZwy52suRWNC58Qh835JlE3W8/GAuTFro6\nsHR2DoBwTJDi0/9Air1i+wW3ta7kINcW8Y+y6WaXNwGf2UK4fsJBZnrE89AGJ3nY\nlUPO2oJQcIWRuy9xF7G6Z+O6emtAXf8AAAAAAQID\n-----END OPENSSH PRIVATE KEY-----\n",
            "private_key_pem": "-----BEGIN RSA PRIVATE KEY-----\nMIIJKAIBAAKCAgEArHcDuezXKR6jEcfPtivO6X4qAHtRoan7JHnojGdg2Jfzexrk\nqKMKLgRiRJSoGy2ZUFKiRdmLnWXsDCNkT3TVETDxh3oGy9gCkSCfUMBggtk7cGZv\nN7thjjHMJfEHGMtZ0OH1YsoSmVel638VcnjgXi8s4c8/1Sxf9iXNsOm6M/ZWXLeV\n3tKsifzknT/K60alo3jkFWs/5gEfUFDGItep/VBQUmLfUczfT7qqA00YUmwEDoQp\nai46aMtWUOwk2eeleFydu7TBJ/L13x/4IRcUq6ncfvDUvMtmryTcUK4MIIP3pjRK\neAEtqDtcklSxCWGEK+SB7D48fgiyzB3FhqJyIZFzy6pr/hodC119bKDhPkne4d0j\ndjI4LJyh/uIMtZ1A7sqwAF/xxTaW5x3TKAJsyEYK05NCt14i61sJRIQI0C/XeM7C\nFz99UgtjJlj3bW+nIrZWahUozbQ8Boc8z8kREv59uqf+KnIuIYSmsTj1+o7DaDaB\nfBXJG0OIfLNxk2lZR9bBh4CO6Hz3gZVUUyL2jgBJQ6f5LFxaTGikftGWPObmOROZ\nCTq+yZblNf7sSzBTlwpCLttjSNaH44JIIiM0drrwOYq08S9rEjnq4cLvOwpuCWsq\n3X8SIo05Tv6JBupZL3a0kahP3mTDGif2RKM+jPxN1PUL4eZY+AL4UtVy6BUCAwEA\nAQKCAgAP/Ui/KBIaodiEgX3kadNZGnVSbhx3XIcILrU8ryjva8cLFsc0S0laUtW5\nff7H5kZciAy7ZRvoj9Z+mZlnNHG8kkkSQmH27CPwyJF8rxlDiFhWZ2jQRfMZd8xx\niBMcXV4KW6igbBOlW9bqKnIWltZWZRFILirA3MhYzdBwIns87g27stmWOvn8IRIg\n8hUiEv6wVTjwM21NKbV5gMOd31jHP3by7G+/6bqabbftbmxe19zYa7BbQ8XuiUuL\nXRldinhw3EVTbcKqrX/WG+SpTLaB49GpgzJ1/nWar1QttrUxHosLQbXVwmY1Pquq\ndWekcwIJ/7l76Zk6JhxNiEUT4mOqSgUPKGybDDxJzDlPfNHOzn7NBBdLu+rjolBc\nRmMPPe32i7SWVeZ+nsS5oAtg6ghh0UxualnIRq4YMqy+GlX+xytJ8hGx+Y9Zzvop\nSsKXQxmOKHts7UFNUPtxS2++beeMu5So3ZnmbFKGhgEwBHgXleuCVaHflLYXUu7D\nnRp9ml3bcly73c8hBLNgck4n8CKw5omtPO+8bHPOQ3bQmx+3QJDIixsuJH4sOShh\nD0ib57kIRjogduKe3KqgxrOkfZzYJUZQNsIWnZKSkmreb7Z6dKq9PhyAmSag0T0B\nqinKHtXQ5G6trR4ITf/+O4PKCh2ylHFuZk4Zk+qam29pg2R0UQKCAQEAxab8/7nM\nR7MZsOcfj8d6vU1f52cifjy/GgnpjuUnekckV+U/kzRKUO1gZOdn8ODGynzC5iPj\njnPrRFxSfjXbQ8FZjJromL7tdWTA0KyonaXt7p6hesyPPUR47qw7CMbklk3Q1xDh\nr172sg3LLU5vcmRWYyhIzHQnlMmQL+vhKrNCeqIAQnPy4Yi6uasQCdaQ2CkfiEc0\nCXMDLeY4dZQ/5z4L5KPivQf8Em7tJZM78AC8q5h2qe6gXEfqBgztqcnSGfAtjAgl\nEb/z8GOsZA63+4F7l6Uspxc8G/RYRooS1QJknObuv7HOreUdxTo5gtu2Pkauw+X1\nxTZNzZZI4EFh6wKCAQEA32CPZ6FdGWTNaxDV/lbJxaILXDCfEemVEH+JfwA3+aJ4\no98POxf1tCQzb2YQZhhmMaSpFJc3kAwTxj8HojexH5HyNALyLgTdqYtyTU+SMIRF\nYQPmkq63X9idp1oRDukqD9FZHtc0nK5aKGRmZaVZpW0MDCKLfQAtyHF133O3xSjk\n0u45Guypmz9e+LUiI0ttLb8+pEntssnY2XR0dJmRIFnDLnay5FY0LnxCHzfkmUTd\nbz8YC5MWujqwdHYOgHBMkOLT/0CKvWL7Bbe1ruQg1xbxj7LpZpc3AZ/ZQrh+wkFm\nesTz0AYnediVQ87aglBwhZG7L3EXsbpn47p6a0Bd/wKCAQEAu9OXo1CmHxDE/kZ0\nyMZxDknkNFve/IWvuQfoaoG7hUjr8ZcKVlIfuU4LB3icXtzMLIppEBjU23+u+HSf\ndA6sAnRQK/zdwqHVuHR5gxRA3CddtyAKJk8UY82Y+n6zTwDrIyZpqqcBQQ2Gc+gF\nx1U9NUDCk1Ip9BkBsDPnkJKglFprd2xRwNS837R2dZBpGmBLnw9dRr0bZ0tjnw+j\nYaDzJUXiOXHAO5DF66J8O/Pxxn58zLiDM7NvsqIoc31/sJT40utZ7TOkPnziTPP7\nU85k6l2+3Hn7uAGtfocyCD6X7NJsWGpgQcyvsrMDGnTdSEyQoBe9Zq42YyXaw97n\n/CxF5wKCAQA77h0rcYiX2oqeUgsHzOMfigVAO69B0Ah1P7J1B2r9J9D0LlFYymna\nZegC2EBIE/2/De1rH9MBa6wWgSycIhL8ZFy2BaBSJm4OIeKNyW5wY9x1VeWTrxp1\ntZk+oBR5iqcFTWZ6tsRf0QtRUPaECOPPVT1pOA9yfwzJfV9hjxtb40fZK57YkWxD\nwbHKSlaZX5AwOOImk8sZL7xlQzBHZDgilNKf8aq3RkWDv0TCOW20jVxXj3b1DAaJ\n+lsDM/VaEkcIjELSdc+DVj4A37P38y64Zmhy5E5ofuN8JRXWJ8eieId1IshDJJOM\nxkXtxl6rncdCnsG4zb/MqDVdTNexVLijAoIBADmy+f7OviyFkIXSiKyybmfPS4Vk\nXIcCvqtFHalb8t88mxP+y16mYm0aYyK8juey9OsZ2LKqUaUD6wFflcqqETpslsyH\nTbG5nNobKcJ+hdhVMCX3dab7/itxPGTGmU1dmXOuE0gseUio4wzSs1VJJxivlzwD\n6Jnkfi6LZXNjx8M7XT06+iqLn8jn9Qh3jWguJsaqHJ0pPFkIVytMhD3laDhEhuay\nLhWZUbegybaUnbK0VSbZu9IZJw0sUXUu6zNtj00Kwk/km/BPW8nbX70KE/YLzFf6\nsy4KN+QAsXqQkwFxDkV2hCe0BE7TU8Ylc3ejscc0rVEnZwXzYYplww1krks=\n-----END RSA PRIVATE KEY-----\n",
            "private_key_pem_pkcs8": "-----BEGIN PRIVATE KEY-----\nMIIJQgIBADANBgkqhkiG9w0BAQEFAASCCSwwggkoAgEAAoICAQCsdwO57NcpHqMR\nx8+2K87pfioAe1GhqfskeeiMZ2DYl/N7GuSoowouBGJElKgbLZlQUqJF2YudZewM\nI2RPdNURMPGHegbL2AKRIJ9QwGCC2TtwZm83u2GOMcwl8QcYy1nQ4fViyhKZV6Xr\nfxVyeOBeLyzhzz/VLF/2Jc2w6boz9lZct5Xe0qyJ/OSdP8rrRqWjeOQVaz/mAR9Q\nUMYi16n9UFBSYt9RzN9PuqoDTRhSbAQOhClqLjpoy1ZQ7CTZ56V4XJ27tMEn8vXf\nH/ghFxSrqdx+8NS8y2avJNxQrgwgg/emNEp4AS2oO1ySVLEJYYQr5IHsPjx+CLLM\nHcWGonIhkXPLqmv+Gh0LXX1soOE+Sd7h3SN2MjgsnKH+4gy1nUDuyrAAX/HFNpbn\nHdMoAmzIRgrTk0K3XiLrWwlEhAjQL9d4zsIXP31SC2MmWPdtb6citlZqFSjNtDwG\nhzzPyRES/n26p/4qci4hhKaxOPX6jsNoNoF8FckbQ4h8s3GTaVlH1sGHgI7ofPeB\nlVRTIvaOAElDp/ksXFpMaKR+0ZY85uY5E5kJOr7JluU1/uxLMFOXCkIu22NI1ofj\ngkgiIzR2uvA5irTxL2sSOerhwu87Cm4JayrdfxIijTlO/okG6lkvdrSRqE/eZMMa\nJ/ZEoz6M/E3U9Qvh5lj4AvhS1XLoFQIDAQABAoICAA/9SL8oEhqh2ISBfeRp01ka\ndVJuHHdchwgutTyvKO9rxwsWxzRLSVpS1bl9/sfmRlyIDLtlG+iP1n6ZmWc0cbyS\nSRJCYfbsI/DIkXyvGUOIWFZnaNBF8xl3zHGIExxdXgpbqKBsE6Vb1uoqchaW1lZl\nEUguKsDcyFjN0HAiezzuDbuy2ZY6+fwhEiDyFSIS/rBVOPAzbU0ptXmAw53fWMc/\ndvLsb7/pupptt+1ubF7X3NhrsFtDxe6JS4tdGV2KeHDcRVNtwqqtf9Yb5KlMtoHj\n0amDMnX+dZqvVC22tTEeiwtBtdXCZjU+q6p1Z6RzAgn/uXvpmTomHE2IRRPiY6pK\nBQ8obJsMPEnMOU980c7Ofs0EF0u76uOiUFxGYw897faLtJZV5n6exLmgC2DqCGHR\nTG5qWchGrhgyrL4aVf7HK0nyEbH5j1nO+ilKwpdDGY4oe2ztQU1Q+3FLb75t54y7\nlKjdmeZsUoaGATAEeBeV64JVod+UthdS7sOdGn2aXdtyXLvdzyEEs2ByTifwIrDm\nia0877xsc85DdtCbH7dAkMiLGy4kfiw5KGEPSJvnuQhGOiB24p7cqqDGs6R9nNgl\nRlA2whadkpKSat5vtnp0qr0+HICZJqDRPQGqKcoe1dDkbq2tHghN//47g8oKHbKU\ncW5mThmT6pqbb2mDZHRRAoIBAQDFpvz/ucxHsxmw5x+Px3q9TV/nZyJ+PL8aCemO\n5Sd6RyRX5T+TNEpQ7WBk52fw4MbKfMLmI+OOc+tEXFJ+NdtDwVmMmuiYvu11ZMDQ\nrKidpe3unqF6zI89RHjurDsIxuSWTdDXEOGvXvayDcstTm9yZFZjKEjMdCeUyZAv\n6+Eqs0J6ogBCc/LhiLq5qxAJ1pDYKR+IRzQJcwMt5jh1lD/nPgvko+K9B/wSbu0l\nkzvwALyrmHap7qBcR+oGDO2pydIZ8C2MCCURv/PwY6xkDrf7gXuXpSynFzwb9FhG\nihLVAmSc5u6/sc6t5R3FOjmC27Y+Rq7D5fXFNk3NlkjgQWHrAoIBAQDfYI9noV0Z\nZM1rENX+VsnFogtcMJ8R6ZUQf4l/ADf5onij3w87F/W0JDNvZhBmGGYxpKkUlzeQ\nDBPGPweiN7EfkfI0AvIuBN2pi3JNT5IwhEVhA+aSrrdf2J2nWhEO6SoP0Vke1zSc\nrlooZGZlpVmlbQwMIot9AC3IcXXfc7fFKOTS7jka7KmbP174tSIjS20tvz6kSe2y\nydjZdHR0mZEgWcMudrLkVjQufEIfN+SZRN1vPxgLkxa6OrB0dg6AcEyQ4tP/QIq9\nYvsFt7Wu5CDXFvGPsulmlzcBn9lCuH7CQWZ6xPPQBid52JVDztqCUHCFkbsvcRex\numfjunprQF3/AoIBAQC705ejUKYfEMT+RnTIxnEOSeQ0W978ha+5B+hqgbuFSOvx\nlwpWUh+5TgsHeJxe3MwsimkQGNTbf674dJ90DqwCdFAr/N3CodW4dHmDFEDcJ123\nIAomTxRjzZj6frNPAOsjJmmqpwFBDYZz6AXHVT01QMKTUin0GQGwM+eQkqCUWmt3\nbFHA1LzftHZ1kGkaYEufD11GvRtnS2OfD6NhoPMlReI5ccA7kMXronw78/HGfnzM\nuIMzs2+yoihzfX+wlPjS61ntM6Q+fOJM8/tTzmTqXb7cefu4Aa1+hzIIPpfs0mxY\namBBzK+yswMadN1ITJCgF71mrjZjJdrD3uf8LEXnAoIBADvuHStxiJfaip5SCwfM\n4x+KBUA7r0HQCHU/snUHav0n0PQuUVjKadpl6ALYQEgT/b8N7Wsf0wFrrBaBLJwi\nEvxkXLYFoFImbg4h4o3JbnBj3HVV5ZOvGnW1mT6gFHmKpwVNZnq2xF/RC1FQ9oQI\n489VPWk4D3J/DMl9X2GPG1vjR9krntiRbEPBscpKVplfkDA44iaTyxkvvGVDMEdk\nOCKU0p/xqrdGRYO/RMI5bbSNXFePdvUMBon6WwMz9VoSRwiMQtJ1z4NWPgDfs/fz\nLrhmaHLkTmh+43wlFdYnx6J4h3UiyEMkk4zGRe3GXqudx0KewbjNv8yoNV1M17FU\nuKMCggEAObL5/s6+LIWQhdKIrLJuZ89LhWRchwK+q0UdqVvy3zybE/7LXqZibRpj\nIryO57L06xnYsqpRpQPrAV+VyqoROmyWzIdNsbmc2hspwn6F2FUwJfd1pvv+K3E8\nZMaZTV2Zc64TSCx5SKjjDNKzVUknGK+XPAPomeR+Lotlc2PHwztdPTr6KoufyOf1\nCHeNaC4mxqocnSk8WQhXK0yEPeVoOESG5rIuFZlRt6DJtpSdsrRVJtm70hknDSxR\ndS7rM22PTQrCT+Sb8E9bydtfvQoT9gvMV/qzLgo35ACxepCTAXEORXaEJ7QETtNT\nxiVzd6OxxzStUSdnBfNhimXDDWSuSw==\n-----END PRIVATE KEY-----\n",
            "public_key_fingerprint_md5": "1b:90:15:7b:4e:15:ec:76:e1:01:dd:4b:54:02:ed:ca",
            "public_key_fingerprint_sha256": "SHA256:+xZg7FtcOs9y6EvPIpooagH32wsqfx93ZrFFn7wGQUc",
            "public_key_openssh": "ssh-rsa AAAAB3NzaC1yc2EAAAADAQABAAACAQCsdwO57NcpHqMRx8+2K87pfioAe1GhqfskeeiMZ2DYl/N7GuSoowouBGJElKgbLZlQUqJF2YudZewMI2RPdNURMPGHegbL2AKRIJ9QwGCC2TtwZm83u2GOMcwl8QcYy1nQ4fViyhKZV6XrfxVyeOBeLyzhzz/VLF/2Jc2w6boz9lZct5Xe0qyJ/OSdP8rrRqWjeOQVaz/mAR9QUMYi16n9UFBSYt9RzN9PuqoDTRhSbAQOhClqLjpoy1ZQ7CTZ56V4XJ27tMEn8vXfH/ghFxSrqdx+8NS8y2avJNxQrgwgg/emNEp4AS2oO1ySVLEJYYQr5IHsPjx+CLLMHcWGonIhkXPLqmv+Gh0LXX1soOE+Sd7h3SN2MjgsnKH+4gy1nUDuyrAAX/HFNpbnHdMoAmzIRgrTk0K3XiLrWwlEhAjQL9d4zsIXP31SC2MmWPdtb6citlZqFSjNtDwGhzzPyRES/n26p/4qci4hhKaxOPX6jsNoNoF8FckbQ4h8s3GTaVlH1sGHgI7ofPeBlVRTIvaOAElDp/ksXFpMaKR+0ZY85uY5E5kJOr7JluU1/uxLMFOXCkIu22NI1ofjgkgiIzR2uvA5irTxL2sSOerhwu87Cm4JayrdfxIijTlO/okG6lkvdrSRqE/eZMMaJ/ZEoz6M/E3U9Qvh5lj4AvhS1XLoFQ==\n",
            "public_key_pem": "-----BEGIN PUBLIC KEY-----\nMIICIjANBgkqhkiG9w0BAQEFAAOCAg8AMIICCgKCAgEArHcDuezXKR6jEcfPtivO\n6X4qAHtRoan7JHnojGdg2JfzexrkqKMKLgRiRJSoGy2ZUFKiRdmLnWXsDCNkT3TV\nETDxh3oGy9gCkSCfUMBggtk7cGZvN7thjjHMJfEHGMtZ0OH1YsoSmVel638Vcnjg\nXi8s4c8/1Sxf9iXNsOm6M/ZWXLeV3tKsifzknT/K60alo3jkFWs/5gEfUFDGItep\n/VBQUmLfUczfT7qqA00YUmwEDoQpai46aMtWUOwk2eeleFydu7TBJ/L13x/4IRcU\nq6ncfvDUvMtmryTcUK4MIIP3pjRKeAEtqDtcklSxCWGEK+SB7D48fgiyzB3FhqJy\nIZFzy6pr/hodC119bKDhPkne4d0jdjI4LJyh/uIMtZ1A7sqwAF/xxTaW5x3TKAJs\nyEYK05NCt14i61sJRIQI0C/XeM7CFz99UgtjJlj3bW+nIrZWahUozbQ8Boc8z8kR\nEv59uqf+KnIuIYSmsTj1+o7DaDaBfBXJG0OIfLNxk2lZR9bBh4CO6Hz3gZVUUyL2\njgBJQ6f5LFxaTGikftGWPObmOROZCTq+yZblNf7sSzBTlwpCLttjSNaH44JIIiM0\ndrrwOYq08S9rEjnq4cLvOwpuCWsq3X8SIo05Tv6JBupZL3a0kahP3mTDGif2RKM+\njPxN1PUL4eZY+AL4UtVy6BUCAwEAAQ==\n-----END PUBLIC KEY-----\n",
            "rsa_bits": 4096
          },
          "sensitive_attributes": []
        }
      ]
    }
  ],
  "check_results": null
}
